
Microsoft Visual Studio Solution File, Format Version 12.00
# Visual Studio Version 17
VisualStudioVersion = 17.5.33402.96
MinimumVisualStudioVersion = 10.0.40219.1
Project("{FAE04EC0-301F-11D3-BF4B-00C04F79EFBC}") = "Adcda.Server.RTC", "Adcda.Server.RTC\Adcda.Server.RTC.csproj", "{C15D600C-CC33-4EA6-99DD-DB07AA71770F}"
EndProject
Global
	GlobalSection(SolutionConfigurationPlatforms) = preSolution
		Debug|Any CPU = Debug|Any CPU
		Release|Any CPU = Release|Any CPU
	EndGlobalSection
	GlobalSection(ProjectConfigurationPlatforms) = postSolution
		{C15D600C-CC33-4EA6-99DD-DB07AA71770F}.Debug|Any CPU.ActiveCfg = Debug|Any CPU
		{C15D600C-CC33-4EA6-99DD-DB07AA71770F}.Debug|Any CPU.Build.0 = Debug|Any CPU
		{C15D600C-CC33-4EA6-99DD-DB07AA71770F}.Release|Any CPU.ActiveCfg = Release|Any CPU
		{C15D600C-CC33-4EA6-99DD-DB07AA71770F}.Release|Any CPU.Build.0 = Release|Any CPU
	EndGlobalSection
	GlobalSection(SolutionProperties) = preSolution
		HideSolutionNode = FALSE
	EndGlobalSection
	GlobalSection(ExtensibilityGlobals) = postSolution
		SolutionGuid = {7EA06AAA-13F6-4EC8-9162-F7C93BE7D38C}
	EndGlobalSection
EndGlobal
